
Microsoft Visual Studio Solution File, Format Version 12.00
# Visual Studio Version 17
VisualStudioVersion = 17.8.34525.116
MinimumVisualStudioVersion = 10.0.40219.1
Project("{FAE04EC0-301F-11D3-BF4B-00C04F79EFBC}") = "ServerlessAspNetCore", "ServerlessAspNetCore\ServerlessAspNetCore.csproj", "{093E0E93-3A8B-42F1-BED8-9E032DADB415}"
EndProject
Global
	GlobalSection(SolutionConfigurationPlatforms) = preSolution
		Debug|Any CPU = Debug|Any CPU
		Release|Any CPU = Release|Any CPU
	EndGlobalSection
	GlobalSection(ProjectConfigurationPlatforms) = postSolution
		{093E0E93-3A8B-42F1-BED8-9E032DADB415}.Debug|Any CPU.ActiveCfg = Debug|Any CPU
		{093E0E93-3A8B-42F1-BED8-9E032DADB415}.Debug|Any CPU.Build.0 = Debug|Any CPU
		{093E0E93-3A8B-42F1-BED8-9E032DADB415}.Release|Any CPU.ActiveCfg = Release|Any CPU
		{093E0E93-3A8B-42F1-BED8-9E032DADB415}.Release|Any CPU.Build.0 = Release|Any CPU
	EndGlobalSection
	GlobalSection(SolutionProperties) = preSolution
		HideSolutionNode = FALSE
	EndGlobalSection
	GlobalSection(ExtensibilityGlobals) = postSolution
		SolutionGuid = {542DADFB-B366-40CC-AA43-FB70148A2BED}
	EndGlobalSection
EndGlobal
